
Microsoft Visual Studio Solution File, Format Version 12.00
# Visual Studio Version 17
Project("{2150E333-8FDC-42A3-9474-1A3956D46DE8}") = "CMakePredefinedTargets", "CMakePredefinedTargets", "{04B404E6-1135-3523-A195-408B853C7B51}"
EndProject
Project("{2150E333-8FDC-42A3-9474-1A3956D46DE8}") = "GLFW3", "GLFW3", "{5655C4BA-C534-3AF8-B859-36B4781EC1F5}"
EndProject
Project("{8BC9CEB8-8B4A-11D0-8D11-00A0C91BC942}") = "ALL_BUILD", "ALL_BUILD.vcxproj", "{45F728F1-0D75-3A01-87C7-F244CB22D1F9}"
	ProjectSection(ProjectDependencies) = postProject
		{3A9E51DA-00C9-34EB-8940-0B460C852D1F} = {3A9E51DA-00C9-34EB-8940-0B460C852D1F}
		{CE65F2E8-CC97-386E-B957-8DF724AECD4A} = {CE65F2E8-CC97-386E-B957-8DF724AECD4A}
	EndProjectSection
EndProject
Project("{8BC9CEB8-8B4A-11D0-8D11-00A0C91BC942}") = "ZERO_CHECK", "ZERO_CHECK.vcxproj", "{3A9E51DA-00C9-34EB-8940-0B460C852D1F}"
	ProjectSection(ProjectDependencies) = postProject
	EndProjectSection
EndProject
Project("{8BC9CEB8-8B4A-11D0-8D11-00A0C91BC942}") = "glfw", "src\glfw.vcxproj", "{CE65F2E8-CC97-386E-B957-8DF724AECD4A}"
	ProjectSection(ProjectDependencies) = postProject
		{3A9E51DA-00C9-34EB-8940-0B460C852D1F} = {3A9E51DA-00C9-34EB-8940-0B460C852D1F}
	EndProjectSection
EndProject
Project("{8BC9CEB8-8B4A-11D0-8D11-00A0C91BC942}") = "update_mappings", "src\update_mappings.vcxproj", "{50BEAF5C-7029-3A13-9734-68A1B098880B}"
	ProjectSection(ProjectDependencies) = postProject
		{3A9E51DA-00C9-34EB-8940-0B460C852D1F} = {3A9E51DA-00C9-34EB-8940-0B460C852D1F}
	EndProjectSection
EndProject
Global
	GlobalSection(SolutionConfigurationPlatforms) = preSolution
		Debug|x64 = Debug|x64
		Release|x64 = Release|x64
		MinSizeRel|x64 = MinSizeRel|x64
		RelWithDebInfo|x64 = RelWithDebInfo|x64
	EndGlobalSection
	GlobalSection(ProjectConfigurationPlatforms) = postSolution
		{45F728F1-0D75-3A01-87C7-F244CB22D1F9}.Debug|x64.ActiveCfg = Debug|x64
		{45F728F1-0D75-3A01-87C7-F244CB22D1F9}.Release|x64.ActiveCfg = Release|x64
		{45F728F1-0D75-3A01-87C7-F244CB22D1F9}.MinSizeRel|x64.ActiveCfg = MinSizeRel|x64
		{45F728F1-0D75-3A01-87C7-F244CB22D1F9}.RelWithDebInfo|x64.ActiveCfg = RelWithDebInfo|x64
		{3A9E51DA-00C9-34EB-8940-0B460C852D1F}.Debug|x64.ActiveCfg = Debug|x64
		{3A9E51DA-00C9-34EB-8940-0B460C852D1F}.Debug|x64.Build.0 = Debug|x64
		{3A9E51DA-00C9-34EB-8940-0B460C852D1F}.Release|x64.ActiveCfg = Release|x64
		{3A9E51DA-00C9-34EB-8940-0B460C852D1F}.Release|x64.Build.0 = Release|x64
		{3A9E51DA-00C9-34EB-8940-0B460C852D1F}.MinSizeRel|x64.ActiveCfg = MinSizeRel|x64
		{3A9E51DA-00C9-34EB-8940-0B460C852D1F}.MinSizeRel|x64.Build.0 = MinSizeRel|x64
		{3A9E51DA-00C9-34EB-8940-0B460C852D1F}.RelWithDebInfo|x64.ActiveCfg = RelWithDebInfo|x64
		{3A9E51DA-00C9-34EB-8940-0B460C852D1F}.RelWithDebInfo|x64.Build.0 = RelWithDebInfo|x64
		{CE65F2E8-CC97-386E-B957-8DF724AECD4A}.Debug|x64.ActiveCfg = Debug|x64
		{CE65F2E8-CC97-386E-B957-8DF724AECD4A}.Debug|x64.Build.0 = Debug|x64
		{CE65F2E8-CC97-386E-B957-8DF724AECD4A}.Release|x64.ActiveCfg = Release|x64
		{CE65F2E8-CC97-386E-B957-8DF724AECD4A}.Release|x64.Build.0 = Release|x64
		{CE65F2E8-CC97-386E-B957-8DF724AECD4A}.MinSizeRel|x64.ActiveCfg = MinSizeRel|x64
		{CE65F2E8-CC97-386E-B957-8DF724AECD4A}.MinSizeRel|x64.Build.0 = MinSizeRel|x64
		{CE65F2E8-CC97-386E-B957-8DF724AECD4A}.RelWithDebInfo|x64.ActiveCfg = RelWithDebInfo|x64
		{CE65F2E8-CC97-386E-B957-8DF724AECD4A}.RelWithDebInfo|x64.Build.0 = RelWithDebInfo|x64
		{50BEAF5C-7029-3A13-9734-68A1B098880B}.Debug|x64.ActiveCfg = Debug|x64
		{50BEAF5C-7029-3A13-9734-68A1B098880B}.Release|x64.ActiveCfg = Release|x64
		{50BEAF5C-7029-3A13-9734-68A1B098880B}.MinSizeRel|x64.ActiveCfg = MinSizeRel|x64
		{50BEAF5C-7029-3A13-9734-68A1B098880B}.RelWithDebInfo|x64.ActiveCfg = RelWithDebInfo|x64
	EndGlobalSection
	GlobalSection(NestedProjects) = preSolution
		{45F728F1-0D75-3A01-87C7-F244CB22D1F9} = {04B404E6-1135-3523-A195-408B853C7B51}
		{3A9E51DA-00C9-34EB-8940-0B460C852D1F} = {04B404E6-1135-3523-A195-408B853C7B51}
		{CE65F2E8-CC97-386E-B957-8DF724AECD4A} = {5655C4BA-C534-3AF8-B859-36B4781EC1F5}
		{50BEAF5C-7029-3A13-9734-68A1B098880B} = {5655C4BA-C534-3AF8-B859-36B4781EC1F5}
	EndGlobalSection
	GlobalSection(ExtensibilityGlobals) = postSolution
		SolutionGuid = {47918A63-C84F-36D8-BED9-36D8D5C22210}
	EndGlobalSection
	GlobalSection(ExtensibilityAddIns) = postSolution
	EndGlobalSection
EndGlobal
