<?xml version="1.0" encoding="utf-8"?>
<Project ToolsVersion="17.0" xmlns="http://schemas.microsoft.com/developer/msbuild/2003">
  <ItemGroup>
    <CustomBuild Include="C:\Users\phili\OneDrive\Documents\CPP_Projects\Game_PF\glfw_proj\CMakeFiles\2e99c69984760fc06636c3e379528347\generate.stamp.rule">
      <Filter>CMake Rules</Filter>
    </CustomBuild>
  </ItemGroup>
  <ItemGroup>
    <Filter Include="CMake Rules">
      <UniqueIdentifier>{43130A07-6FAE-3F82-8D73-1F4AB75215D2}</UniqueIdentifier>
    </Filter>
  </ItemGroup>
</Project>
